Microsoft Visual Studio Solution File, Format Version 12.00
# Visual Studio Version 17
VisualStudioVersion = 17.5.2.0
MinimumVisualStudioVersion = 10.0.40219.1
Project("{2150E333-8FDC-42A3-9474-1A3956D46DE8}") = "backend_mvc", "backend_mvc", "{269BFF4F-20A2-DEF8-F9F8-FA89FC9670D3}"
EndProject
Project("{FAE04EC0-301F-11D3-BF4B-00C04F79EFBC}") = "WebDemo.Infrastructure", "backend_mvc\WebDemo.Infrastructure\WebDemo.Infrastructure.csproj", "{EDC66B76-5114-1B3B-B552-9AB042CF7417}"
EndProject
Project("{FAE04EC0-301F-11D3-BF4B-00C04F79EFBC}") = "WebDemo", "backend_mvc\WebDemo\WebDemo.csproj", "{42111D30-AD42-5D87-039C-A446649EB492}"
EndProject
Project("{FAE04EC0-301F-11D3-BF4B-00C04F79EFBC}") = "WebDemo.Core", "backend_mvc\WebDemo.Core\WebDemo.Core.csproj", "{D9ECC0F7-5058-80DD-D160-A2BE7D0EBCD8}"
EndProject
Global
	GlobalSection(SolutionConfigurationPlatforms) = preSolution
		Debug|Any CPU = Debug|Any CPU
		Release|Any CPU = Release|Any CPU
	EndGlobalSection
	GlobalSection(ProjectConfigurationPlatforms) = postSolution
		{EDC66B76-5114-1B3B-B552-9AB042CF7417}.Debug|Any CPU.ActiveCfg = Debug|Any CPU
		{EDC66B76-5114-1B3B-B552-9AB042CF7417}.Debug|Any CPU.Build.0 = Debug|Any CPU
		{EDC66B76-5114-1B3B-B552-9AB042CF7417}.Release|Any CPU.ActiveCfg = Release|Any CPU
		{EDC66B76-5114-1B3B-B552-9AB042CF7417}.Release|Any CPU.Build.0 = Release|Any CPU
		{42111D30-AD42-5D87-039C-A446649EB492}.Debug|Any CPU.ActiveCfg = Debug|Any CPU
		{42111D30-AD42-5D87-039C-A446649EB492}.Debug|Any CPU.Build.0 = Debug|Any CPU
		{42111D30-AD42-5D87-039C-A446649EB492}.Release|Any CPU.ActiveCfg = Release|Any CPU
		{42111D30-AD42-5D87-039C-A446649EB492}.Release|Any CPU.Build.0 = Release|Any CPU
		{D9ECC0F7-5058-80DD-D160-A2BE7D0EBCD8}.Debug|Any CPU.ActiveCfg = Debug|Any CPU
		{D9ECC0F7-5058-80DD-D160-A2BE7D0EBCD8}.Debug|Any CPU.Build.0 = Debug|Any CPU
		{D9ECC0F7-5058-80DD-D160-A2BE7D0EBCD8}.Release|Any CPU.ActiveCfg = Release|Any CPU
		{D9ECC0F7-5058-80DD-D160-A2BE7D0EBCD8}.Release|Any CPU.Build.0 = Release|Any CPU
	EndGlobalSection
	GlobalSection(SolutionProperties) = preSolution
		HideSolutionNode = FALSE
	EndGlobalSection
	GlobalSection(NestedProjects) = preSolution
		{EDC66B76-5114-1B3B-B552-9AB042CF7417} = {269BFF4F-20A2-DEF8-F9F8-FA89FC9670D3}
		{42111D30-AD42-5D87-039C-A446649EB492} = {269BFF4F-20A2-DEF8-F9F8-FA89FC9670D3}
		{D9ECC0F7-5058-80DD-D160-A2BE7D0EBCD8} = {269BFF4F-20A2-DEF8-F9F8-FA89FC9670D3}
	EndGlobalSection
	GlobalSection(ExtensibilityGlobals) = postSolution
		SolutionGuid = {329649C1-84D5-462B-98D9-2EFBE10EA7E4}
	EndGlobalSection
EndGlobal
